
Microsoft Visual Studio Solution File, Format Version 12.00
# Visual Studio 15
VisualStudioVersion = 15.0.26124.0
MinimumVisualStudioVersion = 15.0.26124.0
Project("{FAE04EC0-301F-11D3-BF4B-00C04F79EFBC}") = "library", "library\library.csproj", "{54220D2E-85C3-46D4-A8FA-9979C7DF0C9C}"
EndProject
Project("{FAE04EC0-301F-11D3-BF4B-00C04F79EFBC}") = "test-library", "test-library\test-library.csproj", "{B9EA4AED-9373-4694-8A5D-8ED4DD3F30E1}"
EndProject
Global
	GlobalSection(SolutionConfigurationPlatforms) = preSolution
		Debug|Any CPU = Debug|Any CPU
		Debug|x64 = Debug|x64
		Debug|x86 = Debug|x86
		Release|Any CPU = Release|Any CPU
		Release|x64 = Release|x64
		Release|x86 = Release|x86
	EndGlobalSection
	GlobalSection(SolutionProperties) = preSolution
		HideSolutionNode = FALSE
	EndGlobalSection
	GlobalSection(ProjectConfigurationPlatforms) = postSolution
		{54220D2E-85C3-46D4-A8FA-9979C7DF0C9C}.Debug|Any CPU.ActiveCfg = Debug|Any CPU
		{54220D2E-85C3-46D4-A8FA-9979C7DF0C9C}.Debug|Any CPU.Build.0 = Debug|Any CPU
		{54220D2E-85C3-46D4-A8FA-9979C7DF0C9C}.Debug|x64.ActiveCfg = Debug|Any CPU
		{54220D2E-85C3-46D4-A8FA-9979C7DF0C9C}.Debug|x64.Build.0 = Debug|Any CPU
		{54220D2E-85C3-46D4-A8FA-9979C7DF0C9C}.Debug|x86.ActiveCfg = Debug|Any CPU
		{54220D2E-85C3-46D4-A8FA-9979C7DF0C9C}.Debug|x86.Build.0 = Debug|Any CPU
		{54220D2E-85C3-46D4-A8FA-9979C7DF0C9C}.Release|Any CPU.ActiveCfg = Release|Any CPU
		{54220D2E-85C3-46D4-A8FA-9979C7DF0C9C}.Release|Any CPU.Build.0 = Release|Any CPU
		{54220D2E-85C3-46D4-A8FA-9979C7DF0C9C}.Release|x64.ActiveCfg = Release|Any CPU
		{54220D2E-85C3-46D4-A8FA-9979C7DF0C9C}.Release|x64.Build.0 = Release|Any CPU
		{54220D2E-85C3-46D4-A8FA-9979C7DF0C9C}.Release|x86.ActiveCfg = Release|Any CPU
		{54220D2E-85C3-46D4-A8FA-9979C7DF0C9C}.Release|x86.Build.0 = Release|Any CPU
		{B9EA4AED-9373-4694-8A5D-8ED4DD3F30E1}.Debug|Any CPU.ActiveCfg = Debug|Any CPU
		{B9EA4AED-9373-4694-8A5D-8ED4DD3F30E1}.Debug|Any CPU.Build.0 = Debug|Any CPU
		{B9EA4AED-9373-4694-8A5D-8ED4DD3F30E1}.Debug|x64.ActiveCfg = Debug|Any CPU
		{B9EA4AED-9373-4694-8A5D-8ED4DD3F30E1}.Debug|x64.Build.0 = Debug|Any CPU
		{B9EA4AED-9373-4694-8A5D-8ED4DD3F30E1}.Debug|x86.ActiveCfg = Debug|Any CPU
		{B9EA4AED-9373-4694-8A5D-8ED4DD3F30E1}.Debug|x86.Build.0 = Debug|Any CPU
		{B9EA4AED-9373-4694-8A5D-8ED4DD3F30E1}.Release|Any CPU.ActiveCfg = Release|Any CPU
		{B9EA4AED-9373-4694-8A5D-8ED4DD3F30E1}.Release|Any CPU.Build.0 = Release|Any CPU
		{B9EA4AED-9373-4694-8A5D-8ED4DD3F30E1}.Release|x64.ActiveCfg = Release|Any CPU
		{B9EA4AED-9373-4694-8A5D-8ED4DD3F30E1}.Release|x64.Build.0 = Release|Any CPU
		{B9EA4AED-9373-4694-8A5D-8ED4DD3F30E1}.Release|x86.ActiveCfg = Release|Any CPU
		{B9EA4AED-9373-4694-8A5D-8ED4DD3F30E1}.Release|x86.Build.0 = Release|Any CPU
	EndGlobalSection
EndGlobal
